// !$*UTF8*$!
{
	archiveVersion = 1;
	classes = {
	};
	objectVersion = 55;
	objects = {

/* Begin PBXBuildFile section */
		1987EB2B36EE084878E65FE1 /* Pods_MoyaLogin.framework in Frameworks */ = {isa = PBXBuildFile; fileRef = 6F4DBE0FCCCEF2E999BD0DF0 /* Pods_MoyaLogin.framework */; };
		1CE6A41CD43342D25021DBEF /* Pods_MoyaLoginTests.framework in Frameworks */ = {isa = PBXBuildFile; fileRef = 60037E6C183335F7AD6FA0C8 /* Pods_MoyaLoginTests.framework */; };
		5114FB980213F4BE4DA6D087 /* Pods_MoyaLogin_MoyaLoginUITests.framework in Frameworks */ = {isa = PBXBuildFile; fileRef = 30DCA2A57C7E8F7BD73C2F3E /* Pods_MoyaLogin_MoyaLoginUITests.framework */; };
		94426550277565FC00421A2C /* User.swift in Sources */ = {isa = PBXBuildFile; fileRef = 9442654F277565FC00421A2C /* User.swift */; };
		94EE98F02771E858009A568A /* AppDelegate.swift in Sources */ = {isa = PBXBuildFile; fileRef = 94EE98EF2771E858009A568A /* AppDelegate.swift */; };
		94EE98F22771E858009A568A /* SceneDelegate.swift in Sources */ = {isa = PBXBuildFile; fileRef = 94EE98F12771E858009A568A /* SceneDelegate.swift */; };
		94EE98F92771E859009A568A /* Assets.xcassets in Resources */ = {isa = PBXBuildFile; fileRef = 94EE98F82771E859009A568A /* Assets.xcassets */; };
		94EE98FC2771E859009A568A /* LaunchScreen.storyboard in Resources */ = {isa = PBXBuildFile; fileRef = 94EE98FA2771E859009A568A /* LaunchScreen.storyboard */; };
		94EE99072771E859009A568A /* MoyaLoginTests.swift in Sources */ = {isa = PBXBuildFile; fileRef = 94EE99062771E859009A568A /* MoyaLoginTests.swift */; };
		94EE99112771E859009A568A /* MoyaLoginUITests.swift in Sources */ = {isa = PBXBuildFile; fileRef = 94EE99102771E859009A568A /* MoyaLoginUITests.swift */; };
		94EE99132771E859009A568A /* MoyaLoginUITestsLaunchTests.swift in Sources */ = {isa = PBXBuildFile; fileRef = 94EE99122771E859009A568A /* MoyaLoginUITestsLaunchTests.swift */; };
		94EE99262771F832009A568A /* LoginAPI.swift in Sources */ = {isa = PBXBuildFile; fileRef = 94EE99252771F832009A568A /* LoginAPI.swift */; };
		94EE99332772A8C8009A568A /* NetworkManager.swift in Sources */ = {isa = PBXBuildFile; fileRef = 94EE99322772A8C8009A568A /* NetworkManager.swift */; };
		94EE99362772B70F009A568A /* loginViewController.swift in Sources */ = {isa = PBXBuildFile; fileRef = 94EE99352772B70F009A568A /* loginViewController.swift */; };
		94EE993B2772B92A009A568A /* ViewModel.swift in Sources */ = {isa = PBXBuildFile; fileRef = 94EE993A2772B92A009A568A /* ViewModel.swift */; };
		94EE994127734119009A568A /* LoginFlow.swift in Sources */ = {isa = PBXBuildFile; fileRef = 94EE994027734119009A568A /* LoginFlow.swift */; };
		94EE9943277343D6009A568A /* AppFlow.swift in Sources */ = {isa = PBXBuildFile; fileRef = 94EE9942277343D6009A568A /* AppFlow.swift */; };
		94EE9945277369B8009A568A /* SampleStep.swift in Sources */ = {isa = PBXBuildFile; fileRef = 94EE9944277369B8009A568A /* SampleStep.swift */; };
		94EE994727736F29009A568A /* StepExt.swift in Sources */ = {isa = PBXBuildFile; fileRef = 94EE994627736F29009A568A /* StepExt.swift */; };
		94EE995127740183009A568A /* registerViewController.swift in Sources */ = {isa = PBXBuildFile; fileRef = 94EE995027740183009A568A /* registerViewController.swift */; };
		94EE99532774019D009A568A /* completeViewController.swift in Sources */ = {isa = PBXBuildFile; fileRef = 94EE99522774019D009A568A /* completeViewController.swift */; };
		94EE995B27744022009A568A /* LoginReactor.swift in Sources */ = {isa = PBXBuildFile; fileRef = 94EE995A27744022009A568A /* LoginReactor.swift */; };
		94EE995D27744032009A568A /* RegisterReactor.swift in Sources */ = {isa = PBXBuildFile; fileRef = 94EE995C27744032009A568A /* RegisterReactor.swift */; };
		94EE996127745EF3009A568A /* baseVC.swift in Sources */ = {isa = PBXBuildFile; fileRef = 94EE996027745EF3009A568A /* baseVC.swift */; };
		94F4132E2775BDAB00441118 /* AuthTextField.swift in Sources */ = {isa = PBXBuildFile; fileRef = 94F4132D2775BDAB00441118 /* AuthTextField.swift */; };
/* End PBXBuildFile section */

/* Begin PBXContainerItemProxy section */
		94EE99032771E859009A568A /* PBXContainerItemProxy */ = {
			isa = PBXContainerItemProxy;
			containerPortal = 94EE98E42771E858009A568A /* Project object */;
			proxyType = 1;
			remoteGlobalIDString = 94EE98EB2771E858009A568A;
			remoteInfo = MoyaLogin;
		};
		94EE990D2771E859009A568A /* PBXContainerItemProxy */ = {
			isa = PBXContainerItemProxy;
			containerPortal = 94EE98E42771E858009A568A /* Project object */;
			proxyType = 1;
			remoteGlobalIDString = 94EE98EB2771E858009A568A;
			remoteInfo = MoyaLogin;
		};
/* End PBXContainerItemProxy section */

/* Begin PBXFileReference section */
		28B82D3A339A82D3B87712B5 /* Pods-MoyaLoginTests.debug.xcconfig */ = {isa = PBXFileReference; includeInIndex = 1; lastKnownFileType = text.xcconfig; name = "Pods-MoyaLoginTests.debug.xcconfig"; path = "Target Support Files/Pods-MoyaLoginTests/Pods-MoyaLoginTests.debug.xcconfig"; sourceTree = "<group>"; };
		30DCA2A57C7E8F7BD73C2F3E /* Pods_MoyaLogin_MoyaLoginUITests.framework */ = {isa = PBXFileReference; explicitFileType = wrapper.framework; includeInIndex = 0; path = Pods_MoyaLogin_MoyaLoginUITests.framework; sourceTree = BUILT_PRODUCTS_DIR; };
		60037E6C183335F7AD6FA0C8 /* Pods_MoyaLoginTests.framework */ = {isa = PBXFileReference; explicitFileType = wrapper.framework; includeInIndex = 0; path = Pods_MoyaLoginTests.framework; sourceTree = BUILT_PRODUCTS_DIR; };
		6F4DBE0FCCCEF2E999BD0DF0 /* Pods_MoyaLogin.framework */ = {isa = PBXFileReference; explicitFileType = wrapper.framework; includeInIndex = 0; path = Pods_MoyaLogin.framework; sourceTree = BUILT_PRODUCTS_DIR; };
		8051596CE3C420BBC01CAF99 /* Pods-MoyaLogin-MoyaLoginUITests.debug.xcconfig */ = {isa = PBXFileReference; includeInIndex = 1; lastKnownFileType = text.xcconfig; name = "Pods-MoyaLogin-MoyaLoginUITests.debug.xcconfig"; path = "Target Support Files/Pods-MoyaLogin-MoyaLoginUITests/Pods-MoyaLogin-MoyaLoginUITests.debug.xcconfig"; sourceTree = "<group>"; };
		8245AAAEC0EE31BA52B89BA8 /* Pods-MoyaLoginTests.release.xcconfig */ = {isa = PBXFileReference; includeInIndex = 1; lastKnownFileType = text.xcconfig; name = "Pods-MoyaLoginTests.release.xcconfig"; path = "Target Support Files/Pods-MoyaLoginTests/Pods-MoyaLoginTests.release.xcconfig"; sourceTree = "<group>"; };
		9442654F277565FC00421A2C /* User.swift */ = {isa = PBXFileReference; lastKnownFileType = sourcecode.swift; path = User.swift; sourceTree = "<group>"; };
		94EE98EC2771E858009A568A /* MoyaLogin.app */ = {isa = PBXFileReference; explicitFileType = wrapper.application; includeInIndex = 0; path = MoyaLogin.app; sourceTree = BUILT_PRODUCTS_DIR; };
		94EE98EF2771E858009A568A /* AppDelegate.swift */ = {isa = PBXFileReference; lastKnownFileType = sourcecode.swift; path = AppDelegate.swift; sourceTree = "<group>"; };
		94EE98F12771E858009A568A /* SceneDelegate.swift */ = {isa = PBXFileReference; lastKnownFileType = sourcecode.swift; path = SceneDelegate.swift; sourceTree = "<group>"; };
		94EE98F82771E859009A568A /* Assets.xcassets */ = {isa = PBXFileReference; lastKnownFileType = folder.assetcatalog; path = Assets.xcassets; sourceTree = "<group>"; };
		94EE98FB2771E859009A568A /* Base */ = {isa = PBXFileReference; lastKnownFileType = file.storyboard; name = Base; path = Base.lproj/LaunchScreen.storyboard; sourceTree = "<group>"; };
		94EE98FD2771E859009A568A /* Info.plist */ = {isa = PBXFileReference; lastKnownFileType = text.plist.xml; path = Info.plist; sourceTree = "<group>"; };
		94EE99022771E859009A568A /* MoyaLoginTests.xctest */ = {isa = PBXFileReference; explicitFileType = wrapper.cfbundle; includeInIndex = 0; path = MoyaLoginTests.xctest; sourceTree = BUILT_PRODUCTS_DIR; };
		94EE99062771E859009A568A /* MoyaLoginTests.swift */ = {isa = PBXFileReference; lastKnownFileType = sourcecode.swift; path = MoyaLoginTests.swift; sourceTree = "<group>"; };
		94EE990C2771E859009A568A /* MoyaLoginUITests.xctest */ = {isa = PBXFileReference; explicitFileType = wrapper.cfbundle; includeInIndex = 0; path = MoyaLoginUITests.xctest; sourceTree = BUILT_PRODUCTS_DIR; };
		94EE99102771E859009A568A /* MoyaLoginUITests.swift */ = {isa = PBXFileReference; lastKnownFileType = sourcecode.swift; path = MoyaLoginUITests.swift; sourceTree = "<group>"; };
		94EE99122771E859009A568A /* MoyaLoginUITestsLaunchTests.swift */ = {isa = PBXFileReference; lastKnownFileType = sourcecode.swift; path = MoyaLoginUITestsLaunchTests.swift; sourceTree = "<group>"; };
		94EE99252771F832009A568A /* LoginAPI.swift */ = {isa = PBXFileReference; lastKnownFileType = sourcecode.swift; path = LoginAPI.swift; sourceTree = "<group>"; };
		94EE99322772A8C8009A568A /* NetworkManager.swift */ = {isa = PBXFileReference; lastKnownFileType = sourcecode.swift; path = NetworkManager.swift; sourceTree = "<group>"; };
		94EE99352772B70F009A568A /* loginViewController.swift */ = {isa = PBXFileReference; lastKnownFileType = sourcecode.swift; path = loginViewController.swift; sourceTree = "<group>"; };
		94EE993A2772B92A009A568A /* ViewModel.swift */ = {isa = PBXFileReference; lastKnownFileType = sourcecode.swift; path = ViewModel.swift; sourceTree = "<group>"; };
		94EE994027734119009A568A /* LoginFlow.swift */ = {isa = PBXFileReference; lastKnownFileType = sourcecode.swift; path = LoginFlow.swift; sourceTree = "<group>"; };
		94EE9942277343D6009A568A /* AppFlow.swift */ = {isa = PBXFileReference; lastKnownFileType = sourcecode.swift; path = AppFlow.swift; sourceTree = "<group>"; };
		94EE9944277369B8009A568A /* SampleStep.swift */ = {isa = PBXFileReference; lastKnownFileType = sourcecode.swift; path = SampleStep.swift; sourceTree = "<group>"; };
		94EE994627736F29009A568A /* StepExt.swift */ = {isa = PBXFileReference; lastKnownFileType = sourcecode.swift; path = StepExt.swift; sourceTree = "<group>"; };
		94EE995027740183009A568A /* registerViewController.swift */ = {isa = PBXFileReference; lastKnownFileType = sourcecode.swift; path = registerViewController.swift; sourceTree = "<group>"; };
		94EE99522774019D009A568A /* completeViewController.swift */ = {isa = PBXFileReference; lastKnownFileType = sourcecode.swift; path = completeViewController.swift; sourceTree = "<group>"; };
		94EE995A27744022009A568A /* LoginReactor.swift */ = {isa = PBXFileReference; lastKnownFileType = sourcecode.swift; path = LoginReactor.swift; sourceTree = "<group>"; };
		94EE995C27744032009A568A /* RegisterReactor.swift */ = {isa = PBXFileReference; lastKnownFileType = sourcecode.swift; path = RegisterReactor.swift; sourceTree = "<group>"; };
		94EE996027745EF3009A568A /* baseVC.swift */ = {isa = PBXFileReference; lastKnownFileType = sourcecode.swift; path = baseVC.swift; sourceTree = "<group>"; };
		94F4132D2775BDAB00441118 /* AuthTextField.swift */ = {isa = PBXFileReference; lastKnownFileType = sourcecode.swift; path = AuthTextField.swift; sourceTree = "<group>"; };
		975B3C2D7AEB5D5F67897C52 /* Pods-MoyaLogin.release.xcconfig */ = {isa = PBXFileReference; includeInIndex = 1; lastKnownFileType = text.xcconfig; name = "Pods-MoyaLogin.release.xcconfig"; path = "Target Support Files/Pods-MoyaLogin/Pods-MoyaLogin.release.xcconfig"; sourceTree = "<group>"; };
		B99A19C8193E42C30AC751D1 /* Pods-MoyaLogin.debug.xcconfig */ = {isa = PBXFileReference; includeInIndex = 1; lastKnownFileType = text.xcconfig; name = "Pods-MoyaLogin.debug.xcconfig"; path = "Target Support Files/Pods-MoyaLogin/Pods-MoyaLogin.debug.xcconfig"; sourceTree = "<group>"; };
		BCCFC39FC79C5879DE336894 /* Pods-MoyaLogin-MoyaLoginUITests.release.xcconfig */ = {isa = PBXFileReference; includeInIndex = 1; lastKnownFileType = text.xcconfig; name = "Pods-MoyaLogin-MoyaLoginUITests.release.xcconfig"; path = "Target Support Files/Pods-MoyaLogin-MoyaLoginUITests/Pods-MoyaLogin-MoyaLoginUITests.release.xcconfig"; sourceTree = "<group>"; };
/* End PBXFileReference section */

/* Begin PBXFrameworksBuildPhase section */
		94EE98E92771E858009A568A /* Frameworks */ = {
			isa = PBXFrameworksBuildPhase;
			buildActionMask = 2147483647;
			files = (
				1987EB2B36EE084878E65FE1 /* Pods_MoyaLogin.framework in Frameworks */,
			);
			runOnlyForDeploymentPostprocessing = 0;
		};
		94EE98FF2771E859009A568A /* Frameworks */ = {
			isa = PBXFrameworksBuildPhase;
			buildActionMask = 2147483647;
			files = (
				1CE6A41CD43342D25021DBEF /* Pods_MoyaLoginTests.framework in Frameworks */,
			);
			runOnlyForDeploymentPostprocessing = 0;
		};
		94EE99092771E859009A568A /* Frameworks */ = {
			isa = PBXFrameworksBuildPhase;
			buildActionMask = 2147483647;
			files = (
				5114FB980213F4BE4DA6D087 /* Pods_MoyaLogin_MoyaLoginUITests.framework in Frameworks */,
			);
			runOnlyForDeploymentPostprocessing = 0;
		};
/* End PBXFrameworksBuildPhase section */

/* Begin PBXGroup section */
		4049FDA325598607CBBD4827 /* Frameworks */ = {
			isa = PBXGroup;
			children = (
				6F4DBE0FCCCEF2E999BD0DF0 /* Pods_MoyaLogin.framework */,
				30DCA2A57C7E8F7BD73C2F3E /* Pods_MoyaLogin_MoyaLoginUITests.framework */,
				60037E6C183335F7AD6FA0C8 /* Pods_MoyaLoginTests.framework */,
			);
			name = Frameworks;
			sourceTree = "<group>";
		};
		904B079B6CF42DE60748665B /* Pods */ = {
			isa = PBXGroup;
			children = (
				B99A19C8193E42C30AC751D1 /* Pods-MoyaLogin.debug.xcconfig */,
				975B3C2D7AEB5D5F67897C52 /* Pods-MoyaLogin.release.xcconfig */,
				8051596CE3C420BBC01CAF99 /* Pods-MoyaLogin-MoyaLoginUITests.debug.xcconfig */,
				BCCFC39FC79C5879DE336894 /* Pods-MoyaLogin-MoyaLoginUITests.release.xcconfig */,
				28B82D3A339A82D3B87712B5 /* Pods-MoyaLoginTests.debug.xcconfig */,
				8245AAAEC0EE31BA52B89BA8 /* Pods-MoyaLoginTests.release.xcconfig */,
			);
			path = Pods;
			sourceTree = "<group>";
		};
		94EE98E32771E858009A568A = {
			isa = PBXGroup;
			children = (
				94EE98EE2771E858009A568A /* MoyaLogin */,
				94EE99052771E859009A568A /* MoyaLoginTests */,
				94EE990F2771E859009A568A /* MoyaLoginUITests */,
				94EE98ED2771E858009A568A /* Products */,
				904B079B6CF42DE60748665B /* Pods */,
				4049FDA325598607CBBD4827 /* Frameworks */,
			);
			sourceTree = "<group>";
		};
		94EE98ED2771E858009A568A /* Products */ = {
			isa = PBXGroup;
			children = (
				94EE98EC2771E858009A568A /* MoyaLogin.app */,
				94EE99022771E859009A568A /* MoyaLoginTests.xctest */,
				94EE990C2771E859009A568A /* MoyaLoginUITests.xctest */,
			);
			name = Products;
			sourceTree = "<group>";
		};
		94EE98EE2771E858009A568A /* MoyaLogin */ = {
			isa = PBXGroup;
			children = (
				94EE995E27745ECA009A568A /* Source */,
				94EE994827736F79009A568A /* Common */,
				94EE993C27734018009A568A /* Flows */,
				94EE99342772B6F7009A568A /* Main */,
				94EE992727721219009A568A /* Model */,
				94EE99392772B91B009A568A /* ViewModel */,
				94EE99202771EDBD009A568A /* Network */,
				94EE98F82771E859009A568A /* Assets.xcassets */,
				94EE98FA2771E859009A568A /* LaunchScreen.storyboard */,
				94EE98FD2771E859009A568A /* Info.plist */,
			);
			path = MoyaLogin;
			sourceTree = "<group>";
		};
		94EE99052771E859009A568A /* MoyaLoginTests */ = {
			isa = PBXGroup;
			children = (
				94EE99062771E859009A568A /* MoyaLoginTests.swift */,
			);
			path = MoyaLoginTests;
			sourceTree = "<group>";
		};
		94EE990F2771E859009A568A /* MoyaLoginUITests */ = {
			isa = PBXGroup;
			children = (
				94EE99102771E859009A568A /* MoyaLoginUITests.swift */,
				94EE99122771E859009A568A /* MoyaLoginUITestsLaunchTests.swift */,
			);
			path = MoyaLoginUITests;
			sourceTree = "<group>";
		};
		94EE991F2771E882009A568A /* App */ = {
			isa = PBXGroup;
			children = (
				94EE98EF2771E858009A568A /* AppDelegate.swift */,
				94EE98F12771E858009A568A /* SceneDelegate.swift */,
			);
			path = App;
			sourceTree = "<group>";
		};
		94EE99202771EDBD009A568A /* Network */ = {
			isa = PBXGroup;
			children = (
				94EE99252771F832009A568A /* LoginAPI.swift */,
				94EE99322772A8C8009A568A /* NetworkManager.swift */,
			);
			path = Network;
			sourceTree = "<group>";
		};
		94EE992727721219009A568A /* Model */ = {
			isa = PBXGroup;
			children = (
				94EE99622774BA5B009A568A /* User */,
			);
			path = Model;
			sourceTree = "<group>";
		};
		94EE99342772B6F7009A568A /* Main */ = {
			isa = PBXGroup;
			children = (
				94F4132B2775BD8300441118 /* Auth */,
				94EE995727743FF3009A568A /* Login */,
				94EE995827743FFC009A568A /* Register */,
				94EE99522774019D009A568A /* completeViewController.swift */,
			);
			path = Main;
			sourceTree = "<group>";
		};
		94EE99392772B91B009A568A /* ViewModel */ = {
			isa = PBXGroup;
			children = (
				94EE993A2772B92A009A568A /* ViewModel.swift */,
			);
			path = ViewModel;
			sourceTree = "<group>";
		};
		94EE993C27734018009A568A /* Flows */ = {
			isa = PBXGroup;
			children = (
				94EE993D27734020009A568A /* Flows */,
			);
			path = Flows;
			sourceTree = "<group>";
		};
		94EE993D27734020009A568A /* Flows */ = {
			isa = PBXGroup;
			children = (
				94EE9942277343D6009A568A /* AppFlow.swift */,
				94EE993F2773410B009A568A /* Login */,
				94EE995427740775009A568A /* Register */,
				94EE993E27734037009A568A /* Steps */,
			);
			path = Flows;
			sourceTree = "<group>";
		};
		94EE993E27734037009A568A /* Steps */ = {
			isa = PBXGroup;
			children = (
				94EE9944277369B8009A568A /* SampleStep.swift */,
			);
			path = Steps;
			sourceTree = "<group>";
		};
		94EE993F2773410B009A568A /* Login */ = {
			isa = PBXGroup;
			children = (
				94EE994027734119009A568A /* LoginFlow.swift */,
			);
			path = Login;
			sourceTree = "<group>";
		};
		94EE994827736F79009A568A /* Common */ = {
			isa = PBXGroup;
			children = (
				94EE994927736F8A009A568A /* Extensions */,
				94EE994C27736FB6009A568A /* Swift */,
			);
			path = Common;
			sourceTree = "<group>";
		};
		94EE994927736F8A009A568A /* Extensions */ = {
			isa = PBXGroup;
			children = (
				94EE994A27736F93009A568A /* Rx */,
			);
			path = Extensions;
			sourceTree = "<group>";
		};
		94EE994A27736F93009A568A /* Rx */ = {
			isa = PBXGroup;
			children = (
				94EE994B27736FA2009A568A /* RxFlow */,
			);
			path = Rx;
			sourceTree = "<group>";
		};
		94EE994B27736FA2009A568A /* RxFlow */ = {
			isa = PBXGroup;
			children = (
				94EE994627736F29009A568A /* StepExt.swift */,
			);
			path = RxFlow;
			sourceTree = "<group>";
		};
		94EE994C27736FB6009A568A /* Swift */ = {
			isa = PBXGroup;
			children = (
				94EE994D27736FBF009A568A /* String */,
			);
			path = Swift;
			sourceTree = "<group>";
		};
		94EE994D27736FBF009A568A /* String */ = {
			isa = PBXGroup;
			children = (
			);
			path = String;
			sourceTree = "<group>";
		};
		94EE995427740775009A568A /* Register */ = {
			isa = PBXGroup;
			children = (
			);
			path = Register;
			sourceTree = "<group>";
		};
		94EE995727743FF3009A568A /* Login */ = {
			isa = PBXGroup;
			children = (
				94EE99352772B70F009A568A /* loginViewController.swift */,
				94EE995A27744022009A568A /* LoginReactor.swift */,
			);
			path = Login;
			sourceTree = "<group>";
		};
		94EE995827743FFC009A568A /* Register */ = {
			isa = PBXGroup;
			children = (
				94EE995027740183009A568A /* registerViewController.swift */,
				94EE995C27744032009A568A /* RegisterReactor.swift */,
			);
			path = Register;
			sourceTree = "<group>";
		};
		94EE995E27745ECA009A568A /* Source */ = {
			isa = PBXGroup;
			children = (
				94EE995F27745EE3009A568A /* Base */,
				94EE991F2771E882009A568A /* App */,
			);
			path = Source;
			sourceTree = "<group>";
		};
		94EE995F27745EE3009A568A /* Base */ = {
			isa = PBXGroup;
			children = (
				94EE996027745EF3009A568A /* baseVC.swift */,
			);
			path = Base;
			sourceTree = "<group>";
		};
		94EE99622774BA5B009A568A /* User */ = {
			isa = PBXGroup;
			children = (
				9442654F277565FC00421A2C /* User.swift */,
			);
			path = User;
			sourceTree = "<group>";
		};
		94F4132B2775BD8300441118 /* Auth */ = {
			isa = PBXGroup;
			children = (
				94F4132D2775BDAB00441118 /* AuthTextField.swift */,
			);
			path = Auth;
			sourceTree = "<group>";
		};
/* End PBXGroup section */

/* Begin PBXNativeTarget section */
		94EE98EB2771E858009A568A /* MoyaLogin */ = {
			isa = PBXNativeTarget;
			buildConfigurationList = 94EE99162771E859009A568A /* Build configuration list for PBXNativeTarget "MoyaLogin" */;
			buildPhases = (
				C4428ECD17B1A5E7C37935D7 /* [CP] Check Pods Manifest.lock */,
				94EE98E82771E858009A568A /* Sources */,
				94EE98E92771E858009A568A /* Frameworks */,
				94EE98EA2771E858009A568A /* Resources */,
				3C3C29DBAE4DE5CDE70AC4B8 /* [CP] Embed Pods Frameworks */,
			);
			buildRules = (
			);
			dependencies = (
			);
			name = MoyaLogin;
			productName = MoyaLogin;
			productReference = 94EE98EC2771E858009A568A /* MoyaLogin.app */;
			productType = "com.apple.product-type.application";
		};
		94EE99012771E859009A568A /* MoyaLoginTests */ = {
			isa = PBXNativeTarget;
			buildConfigurationList = 94EE99192771E859009A568A /* Build configuration list for PBXNativeTarget "MoyaLoginTests" */;
			buildPhases = (
				5D1EEC72E4D029B649555B4B /* [CP] Check Pods Manifest.lock */,
				94EE98FE2771E859009A568A /* Sources */,
				94EE98FF2771E859009A568A /* Frameworks */,
				94EE99002771E859009A568A /* Resources */,
			);
			buildRules = (
			);
			dependencies = (
				94EE99042771E859009A568A /* PBXTargetDependency */,
			);
			name = MoyaLoginTests;
			productName = MoyaLoginTests;
			productReference = 94EE99022771E859009A568A /* MoyaLoginTests.xctest */;
			productType = "com.apple.product-type.bundle.unit-test";
		};
		94EE990B2771E859009A568A /* MoyaLoginUITests */ = {
			isa = PBXNativeTarget;
			buildConfigurationList = 94EE991C2771E859009A568A /* Build configuration list for PBXNativeTarget "MoyaLoginUITests" */;
			buildPhases = (
				513930C438665D9FFE5AB319 /* [CP] Check Pods Manifest.lock */,
				94EE99082771E859009A568A /* Sources */,
				94EE99092771E859009A568A /* Frameworks */,
				94EE990A2771E859009A568A /* Resources */,
				1EB251F2230F871E0C4D3DAB /* [CP] Embed Pods Frameworks */,
			);
			buildRules = (
			);
			dependencies = (
				94EE990E2771E859009A568A /* PBXTargetDependency */,
			);
			name = MoyaLoginUITests;
			productName = MoyaLoginUITests;
			productReference = 94EE990C2771E859009A568A /* MoyaLoginUITests.xctest */;
			productType = "com.apple.product-type.bundle.ui-testing";
		};
/* End PBXNativeTarget section */

/* Begin PBXProject section */
		94EE98E42771E858009A568A /* Project object */ = {
			isa = PBXProject;
			attributes = {
				BuildIndependentTargetsInParallel = 1;
				LastSwiftUpdateCheck = 1320;
				LastUpgradeCheck = 1320;
				TargetAttributes = {
					94EE98EB2771E858009A568A = {
						CreatedOnToolsVersion = 13.2;
					};
					94EE99012771E859009A568A = {
						CreatedOnToolsVersion = 13.2;
						TestTargetID = 94EE98EB2771E858009A568A;
					};
					94EE990B2771E859009A568A = {
						CreatedOnToolsVersion = 13.2;
						TestTargetID = 94EE98EB2771E858009A568A;
					};
				};
			};
			buildConfigurationList = 94EE98E72771E858009A568A /* Build configuration list for PBXProject "MoyaLogin" */;
			compatibilityVersion = "Xcode 13.0";
			developmentRegion = en;
			hasScannedForEncodings = 0;
			knownRegions = (
				en,
				Base,
			);
			mainGroup = 94EE98E32771E858009A568A;
			productRefGroup = 94EE98ED2771E858009A568A /* Products */;
			projectDirPath = "";
			projectRoot = "";
			targets = (
				94EE98EB2771E858009A568A /* MoyaLogin */,
				94EE99012771E859009A568A /* MoyaLoginTests */,
				94EE990B2771E859009A568A /* MoyaLoginUITests */,
			);
		};
/* End PBXProject section */

/* Begin PBXResourcesBuildPhase section */
		94EE98EA2771E858009A568A /* Resources */ = {
			isa = PBXResourcesBuildPhase;
			buildActionMask = 2147483647;
			files = (
				94EE98FC2771E859009A568A /* LaunchScreen.storyboard in Resources */,
				94EE98F92771E859009A568A /* Assets.xcassets in Resources */,
			);
			runOnlyForDeploymentPostprocessing = 0;
		};
		94EE99002771E859009A568A /* Resources */ = {
			isa = PBXResourcesBuildPhase;
			buildActionMask = 2147483647;
			files = (
			);
			runOnlyForDeploymentPostprocessing = 0;
		};
		94EE990A2771E859009A568A /* Resources */ = {
			isa = PBXResourcesBuildPhase;
			buildActionMask = 2147483647;
			files = (
			);
			runOnlyForDeploymentPostprocessing = 0;
		};
/* End PBXResourcesBuildPhase section */

/* Begin PBXShellScriptBuildPhase section */
		1EB251F2230F871E0C4D3DAB /* [CP] Embed Pods Frameworks */ = {
			isa = PBXShellScriptBuildPhase;
			buildActionMask = 2147483647;
			files = (
			);
			inputFileListPaths = (
				"${PODS_ROOT}/Target Support Files/Pods-MoyaLogin-MoyaLoginUITests/Pods-MoyaLogin-MoyaLoginUITests-frameworks-${CONFIGURATION}-input-files.xcfilelist",
			);
			name = "[CP] Embed Pods Frameworks";
			outputFileListPaths = (
				"${PODS_ROOT}/Target Support Files/Pods-MoyaLogin-MoyaLoginUITests/Pods-MoyaLogin-MoyaLoginUITests-frameworks-${CONFIGURATION}-output-files.xcfilelist",
			);
			runOnlyForDeploymentPostprocessing = 0;
			shellPath = /bin/sh;
			shellScript = "\"${PODS_ROOT}/Target Support Files/Pods-MoyaLogin-MoyaLoginUITests/Pods-MoyaLogin-MoyaLoginUITests-frameworks.sh\"\n";
			showEnvVarsInLog = 0;
		};
		3C3C29DBAE4DE5CDE70AC4B8 /* [CP] Embed Pods Frameworks */ = {
			isa = PBXShellScriptBuildPhase;
			buildActionMask = 2147483647;
			files = (
			);
			inputFileListPaths = (
				"${PODS_ROOT}/Target Support Files/Pods-MoyaLogin/Pods-MoyaLogin-frameworks-${CONFIGURATION}-input-files.xcfilelist",
			);
			name = "[CP] Embed Pods Frameworks";
			outputFileListPaths = (
				"${PODS_ROOT}/Target Support Files/Pods-MoyaLogin/Pods-MoyaLogin-frameworks-${CONFIGURATION}-output-files.xcfilelist",
			);
			runOnlyForDeploymentPostprocessing = 0;
			shellPath = /bin/sh;
			shellScript = "\"${PODS_ROOT}/Target Support Files/Pods-MoyaLogin/Pods-MoyaLogin-frameworks.sh\"\n";
			showEnvVarsInLog = 0;
		};
		513930C438665D9FFE5AB319 /* [CP] Check Pods Manifest.lock */ = {
			isa = PBXShellScriptBuildPhase;
			buildActionMask = 2147483647;
			files = (
			);
			inputFileListPaths = (
			);
			inputPaths = (
				"${PODS_PODFILE_DIR_PATH}/Podfile.lock",
				"${PODS_ROOT}/Manifest.lock",
			);
			name = "[CP] Check Pods Manifest.lock";
			outputFileListPaths = (
			);
			outputPaths = (
				"$(DERIVED_FILE_DIR)/Pods-MoyaLogin-MoyaLoginUITests-checkManifestLockResult.txt",
			);
			runOnlyForDeploymentPostprocessing = 0;
			shellPath = /bin/sh;
			shellScript = "diff \"${PODS_PODFILE_DIR_PATH}/Podfile.lock\" \"${PODS_ROOT}/Manifest.lock\" > /dev/null\nif [ $? != 0 ] ; then\n    # print error to STDERR\n    echo \"error: The sandbox is not in sync with the Podfile.lock. Run 'pod install' or update your CocoaPods installation.\" >&2\n    exit 1\nfi\n# This output is used by Xcode 'outputs' to avoid re-running this script phase.\necho \"SUCCESS\" > \"${SCRIPT_OUTPUT_FILE_0}\"\n";
			showEnvVarsInLog = 0;
		};
		5D1EEC72E4D029B649555B4B /* [CP] Check Pods Manifest.lock */ = {
			isa = PBXShellScriptBuildPhase;
			buildActionMask = 2147483647;
			files = (
			);
			inputFileListPaths = (
			);
			inputPaths = (
				"${PODS_PODFILE_DIR_PATH}/Podfile.lock",
				"${PODS_ROOT}/Manifest.lock",
			);
			name = "[CP] Check Pods Manifest.lock";
			outputFileListPaths = (
			);
			outputPaths = (
				"$(DERIVED_FILE_DIR)/Pods-MoyaLoginTests-checkManifestLockResult.txt",
			);
			runOnlyForDeploymentPostprocessing = 0;
			shellPath = /bin/sh;
			shellScript = "diff \"${PODS_PODFILE_DIR_PATH}/Podfile.lock\" \"${PODS_ROOT}/Manifest.lock\" > /dev/null\nif [ $? != 0 ] ; then\n    # print error to STDERR\n    echo \"error: The sandbox is not in sync with the Podfile.lock. Run 'pod install' or update your CocoaPods installation.\" >&2\n    exit 1\nfi\n# This output is used by Xcode 'outputs' to avoid re-running this script phase.\necho \"SUCCESS\" > \"${SCRIPT_OUTPUT_FILE_0}\"\n";
			showEnvVarsInLog = 0;
		};
		C4428ECD17B1A5E7C37935D7 /* [CP] Check Pods Manifest.lock */ = {
			isa = PBXShellScriptBuildPhase;
			buildActionMask = 2147483647;
			files = (
			);
			inputFileListPaths = (
			);
			inputPaths = (
				"${PODS_PODFILE_DIR_PATH}/Podfile.lock",
				"${PODS_ROOT}/Manifest.lock",
			);
			name = "[CP] Check Pods Manifest.lock";
			outputFileListPaths = (
			);
			outputPaths = (
				"$(DERIVED_FILE_DIR)/Pods-MoyaLogin-checkManifestLockResult.txt",
			);
			runOnlyForDeploymentPostprocessing = 0;
			shellPath = /bin/sh;
			shellScript = "diff \"${PODS_PODFILE_DIR_PATH}/Podfile.lock\" \"${PODS_ROOT}/Manifest.lock\" > /dev/null\nif [ $? != 0 ] ; then\n    # print error to STDERR\n    echo \"error: The sandbox is not in sync with the Podfile.lock. Run 'pod install' or update your CocoaPods installation.\" >&2\n    exit 1\nfi\n# This output is used by Xcode 'outputs' to avoid re-running this script phase.\necho \"SUCCESS\" > \"${SCRIPT_OUTPUT_FILE_0}\"\n";
			showEnvVarsInLog = 0;
		};
/* End PBXShellScriptBuildPhase section */

/* Begin PBXSourcesBuildPhase section */
		94EE98E82771E858009A568A /* Sources */ = {
			isa = PBXSourcesBuildPhase;
			buildActionMask = 2147483647;
			files = (
				94EE9945277369B8009A568A /* SampleStep.swift in Sources */,
				94EE995B27744022009A568A /* LoginReactor.swift in Sources */,
				94EE996127745EF3009A568A /* baseVC.swift in Sources */,
				94EE993B2772B92A009A568A /* ViewModel.swift in Sources */,
				94EE9943277343D6009A568A /* AppFlow.swift in Sources */,
				94EE98F02771E858009A568A /* AppDelegate.swift in Sources */,
				94EE995D27744032009A568A /* RegisterReactor.swift in Sources */,
				94EE994727736F29009A568A /* StepExt.swift in Sources */,
				94EE99262771F832009A568A /* LoginAPI.swift in Sources */,
				94EE994127734119009A568A /* LoginFlow.swift in Sources */,
				94EE99332772A8C8009A568A /* NetworkManager.swift in Sources */,
				94EE995127740183009A568A /* registerViewController.swift in Sources */,
				94EE98F22771E858009A568A /* SceneDelegate.swift in Sources */,
				94426550277565FC00421A2C /* User.swift in Sources */,
				94EE99362772B70F009A568A /* loginViewController.swift in Sources */,
				94EE99532774019D009A568A /* completeViewController.swift in Sources */,
				94F4132E2775BDAB00441118 /* AuthTextField.swift in Sources */,
			);
			runOnlyForDeploymentPostprocessing = 0;
		};
		94EE98FE2771E859009A568A /* Sources */ = {
			isa = PBXSourcesBuildPhase;
			buildActionMask = 2147483647;
			files = (
				94EE99072771E859009A568A /* MoyaLoginTests.swift in Sources */,
			);
			runOnlyForDeploymentPostprocessing = 0;
		};
		94EE99082771E859009A568A /* Sources */ = {
			isa = PBXSourcesBuildPhase;
			buildActionMask = 2147483647;
			files = (
				94EE99132771E859009A568A /* MoyaLoginUITestsLaunchTests.swift in Sources */,
				94EE99112771E859009A568A /* MoyaLoginUITests.swift in Sources */,
			);
			runOnlyForDeploymentPostprocessing = 0;
		};
/* End PBXSourcesBuildPhase section */

/* Begin PBXTargetDependency section */
		94EE99042771E859009A568A /* PBXTargetDependency */ = {
			isa = PBXTargetDependency;
			target = 94EE98EB2771E858009A568A /* MoyaLogin */;
			targetProxy = 94EE99032771E859009A568A /* PBXContainerItemProxy */;
		};
		94EE990E2771E859009A568A /* PBXTargetDependency */ = {
			isa = PBXTargetDependency;
			target = 94EE98EB2771E858009A568A /* MoyaLogin */;
			targetProxy = 94EE990D2771E859009A568A /* PBXContainerItemProxy */;
		};
/* End PBXTargetDependency section */

/* Begin PBXVariantGroup section */
		94EE98FA2771E859009A568A /* LaunchScreen.storyboard */ = {
			isa = PBXVariantGroup;
			children = (
				94EE98FB2771E859009A568A /* Base */,
			);
			name = LaunchScreen.storyboard;
			sourceTree = "<group>";
		};
/* End PBXVariantGroup section */

/* Begin XCBuildConfiguration section */
		94EE99142771E859009A568A /* Debug */ = {
			isa = XCBuildConfiguration;
			buildSettings = {
				ALWAYS_SEARCH_USER_PATHS = NO;
				CLANG_ANALYZER_NONNULL = YES;
				CLANG_ANALYZER_NUMBER_OBJECT_CONVERSION = YES_AGGRESSIVE;
				CLANG_CXX_LANGUAGE_STANDARD = "gnu++17";
				CLANG_CXX_LIBRARY = "libc++";
				CLANG_ENABLE_MODULES = YES;
				CLANG_ENABLE_OBJC_ARC = YES;
				CLANG_ENABLE_OBJC_WEAK = YES;
				CLANG_WARN_BLOCK_CAPTURE_AUTORELEASING = YES;
				CLANG_WARN_BOOL_CONVERSION = YES;
				CLANG_WARN_COMMA = YES;
				CLANG_WARN_CONSTANT_CONVERSION = YES;
				CLANG_WARN_DEPRECATED_OBJC_IMPLEMENTATIONS = YES;
				CLANG_WARN_DIRECT_OBJC_ISA_USAGE = YES_ERROR;
				CLANG_WARN_DOCUMENTATION_COMMENTS = YES;
				CLANG_WARN_EMPTY_BODY = YES;
				CLANG_WARN_ENUM_CONVERSION = YES;
				CLANG_WARN_INFINITE_RECURSION = YES;
				CLANG_WARN_INT_CONVERSION = YES;
				CLANG_WARN_NON_LITERAL_NULL_CONVERSION = YES;
				CLANG_WARN_OBJC_IMPLICIT_RETAIN_SELF = YES;
				CLANG_WARN_OBJC_LITERAL_CONVERSION = YES;
				CLANG_WARN_OBJC_ROOT_CLASS = YES_ERROR;
				CLANG_WARN_QUOTED_INCLUDE_IN_FRAMEWORK_HEADER = YES;
				CLANG_WARN_RANGE_LOOP_ANALYSIS = YES;
				CLANG_WARN_STRICT_PROTOTYPES = YES;
				CLANG_WARN_SUSPICIOUS_MOVE = YES;
				CLANG_WARN_UNGUARDED_AVAILABILITY = YES_AGGRESSIVE;
				CLANG_WARN_UNREACHABLE_CODE = YES;
				CLANG_WARN__DUPLICATE_METHOD_MATCH = YES;
				COPY_PHASE_STRIP = NO;
				DEBUG_INFORMATION_FORMAT = dwarf;
				ENABLE_STRICT_OBJC_MSGSEND = YES;
				ENABLE_TESTABILITY = YES;
				GCC_C_LANGUAGE_STANDARD = gnu11;
				GCC_DYNAMIC_NO_PIC = NO;
				GCC_NO_COMMON_BLOCKS = YES;
				GCC_OPTIMIZATION_LEVEL = 0;
				GCC_PREPROCESSOR_DEFINITIONS = (
					"DEBUG=1",
					"$(inherited)",
				);
				GCC_WARN_64_TO_32_BIT_CONVERSION = YES;
				GCC_WARN_ABOUT_RETURN_TYPE = YES_ERROR;
				GCC_WARN_UNDECLARED_SELECTOR = YES;
				GCC_WARN_UNINITIALIZED_AUTOS = YES_AGGRESSIVE;
				GCC_WARN_UNUSED_FUNCTION = YES;
				GCC_WARN_UNUSED_VARIABLE = YES;
				IPHONEOS_DEPLOYMENT_TARGET = 15.2;
				MTL_ENABLE_DEBUG_INFO = INCLUDE_SOURCE;
				MTL_FAST_MATH = YES;
				ONLY_ACTIVE_ARCH = YES;
				SDKROOT = iphoneos;
				SWIFT_ACTIVE_COMPILATION_CONDITIONS = DEBUG;
				SWIFT_OPTIMIZATION_LEVEL = "-Onone";
			};
			name = Debug;
		};
		94EE99152771E859009A568A /* Release */ = {
			isa = XCBuildConfiguration;
			buildSettings = {
				ALWAYS_SEARCH_USER_PATHS = NO;
				CLANG_ANALYZER_NONNULL = YES;
				CLANG_ANALYZER_NUMBER_OBJECT_CONVERSION = YES_AGGRESSIVE;
				CLANG_CXX_LANGUAGE_STANDARD = "gnu++17";
				CLANG_CXX_LIBRARY = "libc++";
				CLANG_ENABLE_MODULES = YES;
				CLANG_ENABLE_OBJC_ARC = YES;
				CLANG_ENABLE_OBJC_WEAK = YES;
				CLANG_WARN_BLOCK_CAPTURE_AUTORELEASING = YES;
				CLANG_WARN_BOOL_CONVERSION = YES;
				CLANG_WARN_COMMA = YES;
				CLANG_WARN_CONSTANT_CONVERSION = YES;
				CLANG_WARN_DEPRECATED_OBJC_IMPLEMENTATIONS = YES;
				CLANG_WARN_DIRECT_OBJC_ISA_USAGE = YES_ERROR;
				CLANG_WARN_DOCUMENTATION_COMMENTS = YES;
				CLANG_WARN_EMPTY_BODY = YES;
				CLANG_WARN_ENUM_CONVERSION = YES;
				CLANG_WARN_INFINITE_RECURSION = YES;
				CLANG_WARN_INT_CONVERSION = YES;
				CLANG_WARN_NON_LITERAL_NULL_CONVERSION = YES;
				CLANG_WARN_OBJC_IMPLICIT_RETAIN_SELF = YES;
				CLANG_WARN_OBJC_LITERAL_CONVERSION = YES;
				CLANG_WARN_OBJC_ROOT_CLASS = YES_ERROR;
				CLANG_WARN_QUOTED_INCLUDE_IN_FRAMEWORK_HEADER = YES;
				CLANG_WARN_RANGE_LOOP_ANALYSIS = YES;
				CLANG_WARN_STRICT_PROTOTYPES = YES;
				CLANG_WARN_SUSPICIOUS_MOVE = YES;
				CLANG_WARN_UNGUARDED_AVAILABILITY = YES_AGGRESSIVE;
				CLANG_WARN_UNREACHABLE_CODE = YES;
				CLANG_WARN__DUPLICATE_METHOD_MATCH = YES;
				COPY_PHASE_STRIP = NO;
				DEBUG_INFORMATION_FORMAT = "dwarf-with-dsym";
				ENABLE_NS_ASSERTIONS = NO;
				ENABLE_STRICT_OBJC_MSGSEND = YES;
				GCC_C_LANGUAGE_STANDARD = gnu11;
				GCC_NO_COMMON_BLOCKS = YES;
				GCC_WARN_64_TO_32_BIT_CONVERSION = YES;
				GCC_WARN_ABOUT_RETURN_TYPE = YES_ERROR;
				GCC_WARN_UNDECLARED_SELECTOR = YES;
				GCC_WARN_UNINITIALIZED_AUTOS = YES_AGGRESSIVE;
				GCC_WARN_UNUSED_FUNCTION = YES;
				GCC_WARN_UNUSED_VARIABLE = YES;
				IPHONEOS_DEPLOYMENT_TARGET = 15.2;
				MTL_ENABLE_DEBUG_INFO = NO;
				MTL_FAST_MATH = YES;
				SDKROOT = iphoneos;
				SWIFT_COMPILATION_MODE = wholemodule;
				SWIFT_OPTIMIZATION_LEVEL = "-O";
				VALIDATE_PRODUCT = YES;
			};
			name = Release;
		};
		94EE99172771E859009A568A /* Debug */ = {
			isa = XCBuildConfiguration;
			baseConfigurationReference = B99A19C8193E42C30AC751D1 /* Pods-MoyaLogin.debug.xcconfig */;
			buildSettings = {
				ASSETCATALOG_COMPILER_APPICON_NAME = AppIcon;
				ASSETCATALOG_COMPILER_GLOBAL_ACCENT_COLOR_NAME = AccentColor;
				CODE_SIGN_STYLE = Automatic;
				CURRENT_PROJECT_VERSION = 1;
				DEVELOPMENT_TEAM = ZW43FFWC7M;
				GENERATE_INFOPLIST_FILE = YES;
				INFOPLIST_FILE = MoyaLogin/Info.plist;
				INFOPLIST_KEY_UIApplicationSupportsIndirectInputEvents = YES;
				INFOPLIST_KEY_UILaunchStoryboardName = LaunchScreen;
				INFOPLIST_KEY_UISupportedInterfaceOrientations_iPad = "UIInterfaceOrientationPortrait UIInterfaceOrientationPortraitUpsideDown UIInterfaceOrientationLandscapeLeft UIInterfaceOrientationLandscapeRight";
				INFOPLIST_KEY_UISupportedInterfaceOrientations_iPhone = "UIInterfaceOrientationPortrait UIInterfaceOrientationLandscapeLeft UIInterfaceOrientationLandscapeRight";
				LD_RUNPATH_SEARCH_PATHS = (
					"$(inherited)",
					"@executable_path/Frameworks",
				);
				MARKETING_VERSION = 1.0;
				PRODUCT_BUNDLE_IDENTIFIER = test.MoyaLogin;
				PRODUCT_NAME = "$(TARGET_NAME)";
				SWIFT_EMIT_LOC_STRINGS = YES;
				SWIFT_VERSION = 5.0;
				TARGETED_DEVICE_FAMILY = "1,2";
			};
			name = Debug;
		};
		94EE99182771E859009A568A /* Release */ = {
			isa = XCBuildConfiguration;
			baseConfigurationReference = 975B3C2D7AEB5D5F67897C52 /* Pods-MoyaLogin.release.xcconfig */;
			buildSettings = {
				ASSETCATALOG_COMPILER_APPICON_NAME = AppIcon;
				ASSETCATALOG_COMPILER_GLOBAL_ACCENT_COLOR_NAME = AccentColor;
				CODE_SIGN_STYLE = Automatic;
				CURRENT_PROJECT_VERSION = 1;
				DEVELOPMENT_TEAM = ZW43FFWC7M;
				GENERATE_INFOPLIST_FILE = YES;
				INFOPLIST_FILE = MoyaLogin/Info.plist;
				INFOPLIST_KEY_UIApplicationSupportsIndirectInputEvents = YES;
				INFOPLIST_KEY_UILaunchStoryboardName = LaunchScreen;
				INFOPLIST_KEY_UISupportedInterfaceOrientations_iPad = "UIInterfaceOrientationPortrait UIInterfaceOrientationPortraitUpsideDown UIInterfaceOrientationLandscapeLeft UIInterfaceOrientationLandscapeRight";
				INFOPLIST_KEY_UISupportedInterfaceOrientations_iPhone = "UIInterfaceOrientationPortrait UIInterfaceOrientationLandscapeLeft UIInterfaceOrientationLandscapeRight";
				LD_RUNPATH_SEARCH_PATHS = (
					"$(inherited)",
					"@executable_path/Frameworks",
				);
				MARKETING_VERSION = 1.0;
				PRODUCT_BUNDLE_IDENTIFIER = test.MoyaLogin;
				PRODUCT_NAME = "$(TARGET_NAME)";
				SWIFT_EMIT_LOC_STRINGS = YES;
				SWIFT_VERSION = 5.0;
				TARGETED_DEVICE_FAMILY = "1,2";
			};
			name = Release;
		};
		94EE991A2771E859009A568A /* Debug */ = {
			isa = XCBuildConfiguration;
			baseConfigurationReference = 28B82D3A339A82D3B87712B5 /* Pods-MoyaLoginTests.debug.xcconfig */;
			buildSettings = {
				ALWAYS_EMBED_SWIFT_STANDARD_LIBRARIES = YES;
				BUNDLE_LOADER = "$(TEST_HOST)";
				CODE_SIGN_STYLE = Automatic;
				CURRENT_PROJECT_VERSION = 1;
				GENERATE_INFOPLIST_FILE = YES;
				IPHONEOS_DEPLOYMENT_TARGET = 15.2;
				MARKETING_VERSION = 1.0;
				PRODUCT_BUNDLE_IDENTIFIER = test.MoyaLoginTests;
				PRODUCT_NAME = "$(TARGET_NAME)";
				SWIFT_EMIT_LOC_STRINGS = NO;
				SWIFT_VERSION = 5.0;
				TARGETED_DEVICE_FAMILY = "1,2";
				TEST_HOST = "$(BUILT_PRODUCTS_DIR)/MoyaLogin.app/MoyaLogin";
			};
			name = Debug;
		};
		94EE991B2771E859009A568A /* Release */ = {
			isa = XCBuildConfiguration;
			baseConfigurationReference = 8245AAAEC0EE31BA52B89BA8 /* Pods-MoyaLoginTests.release.xcconfig */;
			buildSettings = {
				ALWAYS_EMBED_SWIFT_STANDARD_LIBRARIES = YES;
				BUNDLE_LOADER = "$(TEST_HOST)";
				CODE_SIGN_STYLE = Automatic;
				CURRENT_PROJECT_VERSION = 1;
				GENERATE_INFOPLIST_FILE = YES;
				IPHONEOS_DEPLOYMENT_TARGET = 15.2;
				MARKETING_VERSION = 1.0;
				PRODUCT_BUNDLE_IDENTIFIER = test.MoyaLoginTests;
				PRODUCT_NAME = "$(TARGET_NAME)";
				SWIFT_EMIT_LOC_STRINGS = NO;
				SWIFT_VERSION = 5.0;
				TARGETED_DEVICE_FAMILY = "1,2";
				TEST_HOST = "$(BUILT_PRODUCTS_DIR)/MoyaLogin.app/MoyaLogin";
			};
			name = Release;
		};
		94EE991D2771E859009A568A /* Debug */ = {
			isa = XCBuildConfiguration;
			baseConfigurationReference = 8051596CE3C420BBC01CAF99 /* Pods-MoyaLogin-MoyaLoginUITests.debug.xcconfig */;
			buildSettings = {
				ALWAYS_EMBED_SWIFT_STANDARD_LIBRARIES = YES;
				CODE_SIGN_STYLE = Automatic;
				CURRENT_PROJECT_VERSION = 1;
				GENERATE_INFOPLIST_FILE = YES;
				MARKETING_VERSION = 1.0;
				PRODUCT_BUNDLE_IDENTIFIER = test.MoyaLoginUITests;
				PRODUCT_NAME = "$(TARGET_NAME)";
				SWIFT_EMIT_LOC_STRINGS = NO;
				SWIFT_VERSION = 5.0;
				TARGETED_DEVICE_FAMILY = "1,2";
				TEST_TARGET_NAME = MoyaLogin;
			};
			name = Debug;
		};
		94EE991E2771E859009A568A /* Release */ = {
			isa = XCBuildConfiguration;
			baseConfigurationReference = BCCFC39FC79C5879DE336894 /* Pods-MoyaLogin-MoyaLoginUITests.release.xcconfig */;
			buildSettings = {
				ALWAYS_EMBED_SWIFT_STANDARD_LIBRARIES = YES;
				CODE_SIGN_STYLE = Automatic;
				CURRENT_PROJECT_VERSION = 1;
				GENERATE_INFOPLIST_FILE = YES;
				MARKETING_VERSION = 1.0;
				PRODUCT_BUNDLE_IDENTIFIER = test.MoyaLoginUITests;
				PRODUCT_NAME = "$(TARGET_NAME)";
				SWIFT_EMIT_LOC_STRINGS = NO;
				SWIFT_VERSION = 5.0;
				TARGETED_DEVICE_FAMILY = "1,2";
				TEST_TARGET_NAME = MoyaLogin;
			};
			name = Release;
		};
/* End XCBuildConfiguration section */

/* Begin XCConfigurationList section */
		94EE98E72771E858009A568A /* Build configuration list for PBXProject "MoyaLogin" */ = {
			isa = XCConfigurationList;
			buildConfigurations = (
				94EE99142771E859009A568A /* Debug */,
				94EE99152771E859009A568A /* Release */,
			);
			defaultConfigurationIsVisible = 0;
			defaultConfigurationName = Release;
		};
		94EE99162771E859009A568A /* Build configuration list for PBXNativeTarget "MoyaLogin" */ = {
			isa = XCConfigurationList;
			buildConfigurations = (
				94EE99172771E859009A568A /* Debug */,
				94EE99182771E859009A568A /* Release */,
			);
			defaultConfigurationIsVisible = 0;
			defaultConfigurationName = Release;
		};
		94EE99192771E859009A568A /* Build configuration list for PBXNativeTarget "MoyaLoginTests" */ = {
			isa = XCConfigurationList;
			buildConfigurations = (
				94EE991A2771E859009A568A /* Debug */,
				94EE991B2771E859009A568A /* Release */,
			);
			defaultConfigurationIsVisible = 0;
			defaultConfigurationName = Release;
		};
		94EE991C2771E859009A568A /* Build configuration list for PBXNativeTarget "MoyaLoginUITests" */ = {
			isa = XCConfigurationList;
			buildConfigurations = (
				94EE991D2771E859009A568A /* Debug */,
				94EE991E2771E859009A568A /* Release */,
			);
			defaultConfigurationIsVisible = 0;
			defaultConfigurationName = Release;
		};
/* End XCConfigurationList section */
	};
	rootObject = 94EE98E42771E858009A568A /* Project object */;
}
